{
    "requires": true,
    "lockfileVersion": 1,
    "dependencies": {
        "lodash": {
            "version": "4.17.15",
            "resolved": "https://registry.npmjs.org/lodash/-/lodash-4.17.15.tgz",
            "integrity": "sha512-8xOcRHvCjnocdS5cpwXQXVzmmh5e5+saE2QGoeQmbKmRS6J3VQppPOIt0MnmE+4xlZoumy0GPG0D0MVIQbNA1A==",
            "dev": true
        },
        "react-fast-compare": {
            "version": "2.0.4",
            "resolved": "https://registry.npmjs.org/react-fast-compare/-/react-fast-compare-2.0.4.tgz",
            "integrity": "sha512-suNP+J1VU1MWFKcyt7RtjiSWUjvidmQSlqu+eHslq+342xCbGTYmC0mEhPCOHxlW0CywylOC1u2DFAT+bv4dBw==",
            "dev": true
        },
        "why-did-you-update": {
            "version": "1.0.6",
            "resolved": "https://registry.npmjs.org/why-did-you-update/-/why-did-you-update-1.0.6.tgz",
            "integrity": "sha512-XVrdHhdrPBDuSW8b/uH6DCb1/0984qv8KElpE8NZiRvWZX8nw49av577+ZyIrxSNesi6r2cQEhpxQTKFFHTj8A==",
            "dev": true,
            "requires": {
                "lodash": "^4.17.11",
                "react-fast-compare": "^2.0.3"
            }
        }
    }
}
